
Microsoft Visual Studio Solution File, Format Version 12.00
# Visual Studio Version 17
VisualStudioVersion = 17.2.32630.192
MinimumVisualStudioVersion = 10.0.40219.1
Project("{FAE04EC0-301F-11D3-BF4B-00C04F79EFBC}") = "StoreCategoryWebApp", "StoreCategoryWebApp\StoreCategoryWebApp.csproj", "{170FAD39-8AFB-4D62-9E1F-BF5D677CF736}"
EndProject
Global
	GlobalSection(SolutionConfigurationPlatforms) = preSolution
		Debug|Any CPU = Debug|Any CPU
		Release|Any CPU = Release|Any CPU
	EndGlobalSection
	GlobalSection(ProjectConfigurationPlatforms) = postSolution
		{170FAD39-8AFB-4D62-9E1F-BF5D677CF736}.Debug|Any CPU.ActiveCfg = Debug|Any CPU
		{170FAD39-8AFB-4D62-9E1F-BF5D677CF736}.Debug|Any CPU.Build.0 = Debug|Any CPU
		{170FAD39-8AFB-4D62-9E1F-BF5D677CF736}.Release|Any CPU.ActiveCfg = Release|Any CPU
		{170FAD39-8AFB-4D62-9E1F-BF5D677CF736}.Release|Any CPU.Build.0 = Release|Any CPU
	EndGlobalSection
	GlobalSection(SolutionProperties) = preSolution
		HideSolutionNode = FALSE
	EndGlobalSection
	GlobalSection(ExtensibilityGlobals) = postSolution
		SolutionGuid = {0D6BE06F-C6A4-47BC-B099-966D382710AE}
	EndGlobalSection
EndGlobal
